
Microsoft Visual Studio Solution File, Format Version 12.00
# Visual Studio 2012
Project("{FAE04EC0-301F-11D3-BF4B-00C04F79EFBC}") = "CrustCrawlerApp", "CrustCrawlerApp\CrustCrawlerApp.csproj", "{F90262BE-D398-466D-9CE0-0F9839B55841}"
EndProject
Project("{FAE04EC0-301F-11D3-BF4B-00C04F79EFBC}") = "MyoLib", "MyoLib\MyoLib.csproj", "{F1A59348-9139-43CA-AE1B-C94A72530B7F}"
EndProject
Project("{FAE04EC0-301F-11D3-BF4B-00C04F79EFBC}") = "MyoSharp", "MyoSharp-master\MyoSharp\MyoSharp.csproj", "{B075C7E9-FE48-4508-B44C-1A259BCC8B22}"
EndProject
Global
	GlobalSection(SolutionConfigurationPlatforms) = preSolution
		Debug|Any CPU = Debug|Any CPU
		Release|Any CPU = Release|Any CPU
	EndGlobalSection
	GlobalSection(ProjectConfigurationPlatforms) = postSolution
		{F90262BE-D398-466D-9CE0-0F9839B55841}.Debug|Any CPU.ActiveCfg = Debug|Any CPU
		{F90262BE-D398-466D-9CE0-0F9839B55841}.Debug|Any CPU.Build.0 = Debug|Any CPU
		{F90262BE-D398-466D-9CE0-0F9839B55841}.Release|Any CPU.ActiveCfg = Release|Any CPU
		{F90262BE-D398-466D-9CE0-0F9839B55841}.Release|Any CPU.Build.0 = Release|Any CPU
		{F1A59348-9139-43CA-AE1B-C94A72530B7F}.Debug|Any CPU.ActiveCfg = Debug|Any CPU
		{F1A59348-9139-43CA-AE1B-C94A72530B7F}.Debug|Any CPU.Build.0 = Debug|Any CPU
		{F1A59348-9139-43CA-AE1B-C94A72530B7F}.Release|Any CPU.ActiveCfg = Release|Any CPU
		{F1A59348-9139-43CA-AE1B-C94A72530B7F}.Release|Any CPU.Build.0 = Release|Any CPU
		{B075C7E9-FE48-4508-B44C-1A259BCC8B22}.Debug|Any CPU.ActiveCfg = Debug|Any CPU
		{B075C7E9-FE48-4508-B44C-1A259BCC8B22}.Debug|Any CPU.Build.0 = Debug|Any CPU
		{B075C7E9-FE48-4508-B44C-1A259BCC8B22}.Release|Any CPU.ActiveCfg = Release|Any CPU
		{B075C7E9-FE48-4508-B44C-1A259BCC8B22}.Release|Any CPU.Build.0 = Release|Any CPU
	EndGlobalSection
	GlobalSection(SolutionProperties) = preSolution
		HideSolutionNode = FALSE
	EndGlobalSection
EndGlobal
