
Microsoft Visual Studio Solution File, Format Version 12.00
# Visual Studio 2012
Project("{FAE04EC0-301F-11D3-BF4B-00C04F79EFBC}") = "MatlabTest", "MatlabTest\MatlabTest.csproj", "{731587C4-1BB2-4113-9CCC-D5F2A0E9E6B5}"
EndProject
Global
	GlobalSection(SolutionConfigurationPlatforms) = preSolution
		Debug|Any CPU = Debug|Any CPU
		Release|Any CPU = Release|Any CPU
	EndGlobalSection
	GlobalSection(ProjectConfigurationPlatforms) = postSolution
		{731587C4-1BB2-4113-9CCC-D5F2A0E9E6B5}.Debug|Any CPU.ActiveCfg = Debug|Any CPU
		{731587C4-1BB2-4113-9CCC-D5F2A0E9E6B5}.Debug|Any CPU.Build.0 = Debug|Any CPU
		{731587C4-1BB2-4113-9CCC-D5F2A0E9E6B5}.Release|Any CPU.ActiveCfg = Release|Any CPU
		{731587C4-1BB2-4113-9CCC-D5F2A0E9E6B5}.Release|Any CPU.Build.0 = Release|Any CPU
	EndGlobalSection
	GlobalSection(SolutionProperties) = preSolution
		HideSolutionNode = FALSE
	EndGlobalSection
EndGlobal
